
Microsoft Visual Studio Solution File, Format Version 12.00
# Visual Studio 15
VisualStudioVersion = 15.0.28010.2036
MinimumVisualStudioVersion = 10.0.40219.1
Project("{FAE04EC0-301F-11D3-BF4B-00C04F79EFBC}") = "Triangle", "Triangle\Triangle.csproj", "{C5B8D107-2FD0-4765-9E11-0D15AA295F74}"
EndProject
Project("{FAE04EC0-301F-11D3-BF4B-00C04F79EFBC}") = "UnitTestProject1", "UnitTestProject1\UnitTestProject1.csproj", "{383F5EA4-DE12-4387-AECC-6D2E754DC9E4}"
EndProject
Global
	GlobalSection(SolutionConfigurationPlatforms) = preSolution
		Debug|Any CPU = Debug|Any CPU
		Release|Any CPU = Release|Any CPU
	EndGlobalSection
	GlobalSection(ProjectConfigurationPlatforms) = postSolution
		{C5B8D107-2FD0-4765-9E11-0D15AA295F74}.Debug|Any CPU.ActiveCfg = Debug|Any CPU
		{C5B8D107-2FD0-4765-9E11-0D15AA295F74}.Debug|Any CPU.Build.0 = Debug|Any CPU
		{C5B8D107-2FD0-4765-9E11-0D15AA295F74}.Release|Any CPU.ActiveCfg = Release|Any CPU
		{C5B8D107-2FD0-4765-9E11-0D15AA295F74}.Release|Any CPU.Build.0 = Release|Any CPU
		{383F5EA4-DE12-4387-AECC-6D2E754DC9E4}.Debug|Any CPU.ActiveCfg = Debug|Any CPU
		{383F5EA4-DE12-4387-AECC-6D2E754DC9E4}.Debug|Any CPU.Build.0 = Debug|Any CPU
		{383F5EA4-DE12-4387-AECC-6D2E754DC9E4}.Release|Any CPU.ActiveCfg = Release|Any CPU
		{383F5EA4-DE12-4387-AECC-6D2E754DC9E4}.Release|Any CPU.Build.0 = Release|Any CPU
	EndGlobalSection
	GlobalSection(SolutionProperties) = preSolution
		HideSolutionNode = FALSE
	EndGlobalSection
	GlobalSection(ExtensibilityGlobals) = postSolution
		SolutionGuid = {B6570A4A-1437-4C1D-AE90-7EA5F453F8F3}
	EndGlobalSection
EndGlobal
